
Microsoft Visual Studio Solution File, Format Version 12.00
# Visual Studio Version 17
VisualStudioVersion = 17.11.35219.272
MinimumVisualStudioVersion = 10.0.40219.1
Project("{FAE04EC0-301F-11D3-BF4B-00C04F79EFBC}") = "TeamsManageApplication", "TeamsManageApplication\TeamsManageApplication.csproj", "{FE3B5DC2-1C2D-4E37-988B-5E5CCBC7063F}"
EndProject
Project("{FAE04EC0-301F-11D3-BF4B-00C04F79EFBC}") = "Teams", "Teams\Teams.csproj", "{94AE1BB6-1884-4076-BE33-80C885EA02C0}"
EndProject
Project("{FAE04EC0-301F-11D3-BF4B-00C04F79EFBC}") = "Teams.Test", "Teams.Test\Teams.Test.csproj", "{B4FC4E47-B189-494D-BDF5-8AAE25CBE4BD}"
EndProject
Global
	GlobalSection(SolutionConfigurationPlatforms) = preSolution
		Debug|Any CPU = Debug|Any CPU
		Release|Any CPU = Release|Any CPU
	EndGlobalSection
	GlobalSection(ProjectConfigurationPlatforms) = postSolution
		{FE3B5DC2-1C2D-4E37-988B-5E5CCBC7063F}.Debug|Any CPU.ActiveCfg = Debug|Any CPU
		{FE3B5DC2-1C2D-4E37-988B-5E5CCBC7063F}.Debug|Any CPU.Build.0 = Debug|Any CPU
		{FE3B5DC2-1C2D-4E37-988B-5E5CCBC7063F}.Release|Any CPU.ActiveCfg = Release|Any CPU
		{FE3B5DC2-1C2D-4E37-988B-5E5CCBC7063F}.Release|Any CPU.Build.0 = Release|Any CPU
		{94AE1BB6-1884-4076-BE33-80C885EA02C0}.Debug|Any CPU.ActiveCfg = Debug|Any CPU
		{94AE1BB6-1884-4076-BE33-80C885EA02C0}.Debug|Any CPU.Build.0 = Debug|Any CPU
		{94AE1BB6-1884-4076-BE33-80C885EA02C0}.Release|Any CPU.ActiveCfg = Release|Any CPU
		{94AE1BB6-1884-4076-BE33-80C885EA02C0}.Release|Any CPU.Build.0 = Release|Any CPU
		{B4FC4E47-B189-494D-BDF5-8AAE25CBE4BD}.Debug|Any CPU.ActiveCfg = Debug|Any CPU
		{B4FC4E47-B189-494D-BDF5-8AAE25CBE4BD}.Debug|Any CPU.Build.0 = Debug|Any CPU
		{B4FC4E47-B189-494D-BDF5-8AAE25CBE4BD}.Release|Any CPU.ActiveCfg = Release|Any CPU
		{B4FC4E47-B189-494D-BDF5-8AAE25CBE4BD}.Release|Any CPU.Build.0 = Release|Any CPU
	EndGlobalSection
	GlobalSection(SolutionProperties) = preSolution
		HideSolutionNode = FALSE
	EndGlobalSection
	GlobalSection(ExtensibilityGlobals) = postSolution
		SolutionGuid = {D65A7D1A-10A4-4C23-9BEC-8A0F9DFDF84E}
	EndGlobalSection
EndGlobal
